
Microsoft Visual Studio Solution File, Format Version 12.00
# Visual Studio Version 17
VisualStudioVersion = 17.0.31808.319
MinimumVisualStudioVersion = 10.0.40219.1
Project("{9A19103F-16F7-4668-BE54-9A1E7A4F7556}") = "CodeBehindAnimation", "CodeBehindAnimation\CodeBehindAnimation.csproj", "{F0306DD5-BFF7-44F1-AB50-83FA94989046}"
EndProject
Global
	GlobalSection(SolutionConfigurationPlatforms) = preSolution
		Debug|Any CPU = Debug|Any CPU
		Release|Any CPU = Release|Any CPU
	EndGlobalSection
	GlobalSection(ProjectConfigurationPlatforms) = postSolution
		{F0306DD5-BFF7-44F1-AB50-83FA94989046}.Debug|Any CPU.ActiveCfg = Debug|Any CPU
		{F0306DD5-BFF7-44F1-AB50-83FA94989046}.Debug|Any CPU.Build.0 = Debug|Any CPU
		{F0306DD5-BFF7-44F1-AB50-83FA94989046}.Release|Any CPU.ActiveCfg = Release|Any CPU
		{F0306DD5-BFF7-44F1-AB50-83FA94989046}.Release|Any CPU.Build.0 = Release|Any CPU
	EndGlobalSection
	GlobalSection(SolutionProperties) = preSolution
		HideSolutionNode = FALSE
	EndGlobalSection
	GlobalSection(ExtensibilityGlobals) = postSolution
		SolutionGuid = {08C9BA6B-038F-4471-B3FB-E3162BF8E05A}
	EndGlobalSection
EndGlobal
